
Microsoft Visual Studio Solution File, Format Version 12.00
# Visual Studio Version 16
VisualStudioVersion = 16.0.30114.105
MinimumVisualStudioVersion = 10.0.40219.1
Project("{FAE04EC0-301F-11D3-BF4B-00C04F79EFBC}") = "RomanNumeralToNumbers", "RomanNumeralToNumbers\RomanNumeralToNumbers.csproj", "{DA9C31D0-65E3-4BAE-9F39-EC1B6DD27F4E}"
EndProject
Project("{FAE04EC0-301F-11D3-BF4B-00C04F79EFBC}") = "RomanNumeralToNumbers.Tests", "RomanNumeralToNumbers.Tests\RomanNumeralToNumbers.Tests.csproj", "{C3D9E3AA-4AE7-4936-9CF6-11D36F16C8BB}"
EndProject
Global
	GlobalSection(SolutionConfigurationPlatforms) = preSolution
		Debug|Any CPU = Debug|Any CPU
		Release|Any CPU = Release|Any CPU
	EndGlobalSection
	GlobalSection(SolutionProperties) = preSolution
		HideSolutionNode = FALSE
	EndGlobalSection
	GlobalSection(ProjectConfigurationPlatforms) = postSolution
		{DA9C31D0-65E3-4BAE-9F39-EC1B6DD27F4E}.Debug|Any CPU.ActiveCfg = Debug|Any CPU
		{DA9C31D0-65E3-4BAE-9F39-EC1B6DD27F4E}.Debug|Any CPU.Build.0 = Debug|Any CPU
		{DA9C31D0-65E3-4BAE-9F39-EC1B6DD27F4E}.Release|Any CPU.ActiveCfg = Release|Any CPU
		{DA9C31D0-65E3-4BAE-9F39-EC1B6DD27F4E}.Release|Any CPU.Build.0 = Release|Any CPU
		{C3D9E3AA-4AE7-4936-9CF6-11D36F16C8BB}.Debug|Any CPU.ActiveCfg = Debug|Any CPU
		{C3D9E3AA-4AE7-4936-9CF6-11D36F16C8BB}.Debug|Any CPU.Build.0 = Debug|Any CPU
		{C3D9E3AA-4AE7-4936-9CF6-11D36F16C8BB}.Release|Any CPU.ActiveCfg = Release|Any CPU
		{C3D9E3AA-4AE7-4936-9CF6-11D36F16C8BB}.Release|Any CPU.Build.0 = Release|Any CPU
	EndGlobalSection
EndGlobal
